# THIS IS AN AUTOGENERATED FILE. DO NOT EDIT THIS FILE DIRECTLY.
# yarn lockfile v1


"acorn-globals@^1.0.3":
  "integrity" "sha512-j3/4pkfih8W4NK22gxVSXcEonTpAHOHh0hu5BoZrKcOsW/4oBPxTi4Yk3SAj+FhC1f3+bRTkXdm4019gw1vg9g=="
  "resolved" "https://r2.cnpmjs.org/acorn-globals/-/acorn-globals-1.0.9.tgz"
  "version" "1.0.9"
  dependencies:
    "acorn" "^2.1.0"

"acorn@^1.0.1":
  "integrity" "sha512-FsqWmApWGMGLKKNpHt12PMc5AK7BaZee0WRh04fCysmTzHe+rrKOa2MKjORhnzfpe4r0JnfdqHn02iDA9Dqj2A=="
  "resolved" "https://r2.cnpmjs.org/acorn/-/acorn-1.2.2.tgz"
  "version" "1.2.2"

"acorn@^2.1.0":
  "integrity" "sha512-pXK8ez/pVjqFdAgBkF1YPVRacuLQ9EXBKaKWaeh58WNfMkCmZhOZzu+NtKSPD5PHmCCHheQ5cD29qM1K4QTxIg=="
  "resolved" "https://r2.cnpmjs.org/acorn/-/acorn-2.7.0.tgz"
  "version" "2.7.0"

"align-text@^0.1.1", "align-text@^0.1.3":
  "integrity" "sha512-GrTZLRpmp6wIC2ztrWW9MjjTgSKccffgFagbNDOX95/dcjEcYZibYTeaOntySQLcdw1ztBoFkviiUvTMbb9MYg=="
  "resolved" "https://r2.cnpmjs.org/align-text/-/align-text-0.1.4.tgz"
  "version" "0.1.4"
  dependencies:
    "kind-of" "^3.0.2"
    "longest" "^1.0.1"
    "repeat-string" "^1.5.2"

"amdefine@>=0.0.4":
  "integrity" "sha512-S2Hw0TtNkMJhIabBwIojKL9YHO5T0n5eNqWJ7Lrlel/zDbftQpxpapi8tZs3X1HWa+u+QeydGmzzNU0m09+Rcg=="
  "resolved" "https://r2.cnpmjs.org/amdefine/-/amdefine-1.0.1.tgz"
  "version" "1.0.1"

"asap@~1.0.0":
  "integrity" "sha512-Ej9qjcXY+8Tuy1cNqiwNMwFRXOy9UwgTeMA8LxreodygIPV48lx8PU1ecFxb5ZeU1DpMKxiq6vGLTxcitWZPbA=="
  "resolved" "https://r2.cnpmjs.org/asap/-/asap-1.0.0.tgz"
  "version" "1.0.0"

"buffer-crc32@0.2.1":
  "integrity" "sha512-vMfBIRp/wjlpueSz7Sb0OmO7C5SH58SSmbsT8G4D48YfO/Zgbr29xNXMpZVSC14ujVJfrZZH1Bl+kXYRQPuvfQ=="
  "resolved" "https://r2.cnpmjs.org/buffer-crc32/-/buffer-crc32-0.2.1.tgz"
  "version" "0.2.1"

"bytes@0.2.0":
  "integrity" "sha512-qH6XVfDizpXcxZisRfVo6rtnGQC2EoF88+p29KDyGN/0VQXFJ+ot8pkYiD673sUgeTirO42UVBitFOFzjVOIrQ=="
  "resolved" "https://r2.cnpmjs.org/bytes/-/bytes-0.2.0.tgz"
  "version" "0.2.0"

"camelcase@^1.0.2":
  "integrity" "sha512-wzLkDa4K/mzI1OSITC+DUyjgIl/ETNHE9QvYgy6J6Jvqyyz4C0Xfd+lQhb19sX2jMpZV4IssUn0VDVmglV+s4g=="
  "resolved" "https://r2.cnpmjs.org/camelcase/-/camelcase-1.2.1.tgz"
  "version" "1.2.1"

"center-align@^0.1.1":
  "integrity" "sha512-Baz3aNe2gd2LP2qk5U+sDk/m4oSuwSDcBfayTCTBoWpfIGO5XFxPmjILQII4NGiZjD6DoDI6kf7gKaxkf7s3VQ=="
  "resolved" "https://r2.cnpmjs.org/center-align/-/center-align-0.1.3.tgz"
  "version" "0.1.3"
  dependencies:
    "align-text" "^0.1.3"
    "lazy-cache" "^1.0.3"

"character-parser@1.2.1":
  "integrity" "sha512-6OEBVBlf/y8LaAphnbAnt743O3zMhlBer+FO5D40H6wqAdU9B1TvuApkejgLW0cvv0tEZNLktv1AnRI+C87ueQ=="
  "resolved" "https://r2.cnpmjs.org/character-parser/-/character-parser-1.2.1.tgz"
  "version" "1.2.1"

"clean-css@^3.1.9":
  "integrity" "sha512-aTWyttSdI2mYi07kWqHi24NUU9YlELFKGOAgFzZjDN1064DMAOy2FBuoyGmkKRlXkbpXd0EVHmiVkbKhKoirTw=="
  "resolved" "https://r2.cnpmjs.org/clean-css/-/clean-css-3.4.28.tgz"
  "version" "3.4.28"
  dependencies:
    "commander" "2.8.x"
    "source-map" "0.4.x"

"cliui@^2.1.0":
  "integrity" "sha512-GIOYRizG+TGoc7Wgc1LiOTLare95R3mzKgoln+Q/lE4ceiYH19gUpl0l0Ffq4lJDEf3FxujMe6IBfOCs7pfqNA=="
  "resolved" "https://r2.cnpmjs.org/cliui/-/cliui-2.1.0.tgz"
  "version" "2.1.0"
  dependencies:
    "center-align" "^0.1.1"
    "right-align" "^0.1.1"
    "wordwrap" "0.0.2"

"commander@~2.6.0":
  "integrity" "sha512-PhbTMT+ilDXZKqH8xbvuUY2ZEQNef0Q7DKxgoEKb4ccytsdvVVJmYqR0sGbi96nxU6oGrwEIQnclpK2NBZuQlg=="
  "resolved" "https://r2.cnpmjs.org/commander/-/commander-2.6.0.tgz"
  "version" "2.6.0"

"commander@0.6.1":
  "integrity" "sha512-0fLycpl1UMTGX257hRsu/arL/cUbcvQM4zMKwvLvzXtfdezIV4yotPS2dYtknF+NmEfWSoCEF6+hj9XLm/6hEw=="
  "resolved" "https://r2.cnpmjs.org/commander/-/commander-0.6.1.tgz"
  "version" "0.6.1"

"commander@2.8.x":
  "integrity" "sha512-+pJLBFVk+9ZZdlAOB5WuIElVPPth47hILFkmGym57aq8kwxsowvByvB0DHs1vQAhyMZzdcpTtF0VDKGkSDR4ZQ=="
  "resolved" "https://r2.cnpmjs.org/commander/-/commander-2.8.1.tgz"
  "version" "2.8.1"
  dependencies:
    "graceful-readlink" ">= 1.0.0"

"connect@2.8.1":
  "integrity" "sha512-9Jie9qAIUzpz5idwy213DXx0GiF39y+4y+kI+JM2qMwzfl0+4S2iqfKnMnZ1r1LP2lcovYo7ZSHvRxocgw9mgg=="
  "resolved" "https://r2.cnpmjs.org/connect/-/connect-2.8.1.tgz"
  "version" "2.8.1"
  dependencies:
    "buffer-crc32" "0.2.1"
    "bytes" "0.2.0"
    "cookie" "0.0.5"
    "cookie-signature" "1.0.1"
    "debug" "*"
    "formidable" "1.0.14"
    "fresh" "0.1.0"
    "pause" "0.0.1"
    "qs" "0.6.5"
    "send" "0.1.1"
    "uid2" "0.0.2"

"constantinople@~3.0.1":
  "integrity" "sha512-UnEggAQrmhxuTxlb7n1OsTtagNXWUv2CRlOogZhWOU4jLK4EJEbF8UDSNxuGu+jVtWNtO2j51ab2H1wlBIzF/w=="
  "resolved" "https://r2.cnpmjs.org/constantinople/-/constantinople-3.0.2.tgz"
  "version" "3.0.2"
  dependencies:
    "acorn" "^2.1.0"

"cookie-signature@1.0.1":
  "integrity" "sha512-FMG5ziBzXZ5d4j5obbWOH1X7AtIpsU9ce9mQ+lHo/I1++kzz/isNarOj6T1lBPRspP3mZpuIutc7OVDVcaN1Kg=="
  "resolved" "https://r2.cnpmjs.org/cookie-signature/-/cookie-signature-1.0.1.tgz"
  "version" "1.0.1"

"cookie@0.0.5":
  "integrity" "sha512-STLsAHdtBDF5GJiPHc4sdfX5qzri6bcSxdSlW/o4IYJAA5yZxh3ZZsvctsKRNbhpP328sN+A2EjOF9vcW/LhdQ=="
  "resolved" "https://r2.cnpmjs.org/cookie/-/cookie-0.0.5.tgz"
  "version" "0.0.5"

"cookie@0.1.0":
  "integrity" "sha512-YSNOBX085/nzHvrTLEHYHoNdkvpLU1MPjU3r1IGawudZJjfuqnRNIFrcOJJ7bfwC+HWbHL1Y4yMkC0O+HWjV7w=="
  "resolved" "https://r2.cnpmjs.org/cookie/-/cookie-0.1.0.tgz"
  "version" "0.1.0"

"css-parse@1.0.4":
  "integrity" "sha512-pfstzKVRZiHprDXdsmtfH1HYUEw22lzjuHdnpe1hscwoQvgW2C5zDQIBE0RKoALEReTn9W1ECdY8uaT/kO4VfA=="
  "resolved" "https://r2.cnpmjs.org/css-parse/-/css-parse-1.0.4.tgz"
  "version" "1.0.4"

"css-stringify@1.0.5":
  "integrity" "sha512-aIThpcErhG5EyHorGqNlTh0TduNBqLrrXLO3x5rku3ZKBxuVfY+T7noyM2G2X/01iQANqJUb6d3+FLoa+N7Xwg=="
  "resolved" "https://r2.cnpmjs.org/css-stringify/-/css-stringify-1.0.5.tgz"
  "version" "1.0.5"

"css@~1.0.8":
  "integrity" "sha512-qmTYWhHk910nQWnGqMAiWWPQlB6tESiWgNebQJmiozOAGcBAQ1+U/UzUOkhdrcshlkSRRiKWodwmVvO0OmnIGg=="
  "resolved" "https://r2.cnpmjs.org/css/-/css-1.0.8.tgz"
  "version" "1.0.8"
  dependencies:
    "css-parse" "1.0.4"
    "css-stringify" "1.0.5"

"debug@*":
  "integrity" "sha512-PRWFHuSU3eDtQJPvnNY7Jcket1j0t5OuOsFzPPzsekD52Zl8qUfFIPEiswXqIvHWGVHOgX+7G/vCNNhehwxfkQ=="
  "resolved" "https://r.cnpmjs.org/debug/-/debug-4.3.4.tgz"
  "version" "4.3.4"
  dependencies:
    "ms" "2.1.2"

"decamelize@^1.0.0":
  "integrity" "sha512-z2S+W9X73hAUUki+N+9Za2lBlun89zigOyGrsax+KUQ6wKW4ZoWpEYBkGhQjwAjjDCkWxhY0VKEhk8wzY7F5cA=="
  "resolved" "https://r2.cnpmjs.org/decamelize/-/decamelize-1.2.0.tgz"
  "version" "1.2.0"

"express@3.3.1":
  "integrity" "sha512-arOByboFpBvbk4uTGXzYfWaZVxJRKA2GVJqTQA7cfw6EA17ZK5i8f8hWR+Sp8ULO/ufTSyjBn4JAKPpbnJ0KqA=="
  "resolved" "https://r.cnpmjs.org/express/-/express-3.3.1.tgz"
  "version" "3.3.1"
  dependencies:
    "buffer-crc32" "0.2.1"
    "commander" "0.6.1"
    "connect" "2.8.1"
    "cookie" "0.1.0"
    "cookie-signature" "1.0.1"
    "debug" "*"
    "fresh" "0.1.0"
    "methods" "0.0.1"
    "mkdirp" "0.3.4"
    "range-parser" "0.0.4"
    "send" "0.1.1"

"formidable@1.0.14":
  "integrity" "sha512-aOskFHEfYwkSKSzGui5jhQ+uyLo2NTwpzhndggz2YZHlv0HkAi+zG5ZEBCL3GTvqLyr/FzX9Mvx9DueCmu2HzQ=="
  "resolved" "https://r2.cnpmjs.org/formidable/-/formidable-1.0.14.tgz"
  "version" "1.0.14"

"fresh@0.1.0":
  "integrity" "sha512-ROG9M8tikYOuOJsvRBggh10WiQ/JebnldAwuCaQyFoiAUIE9XrYVnpznIjOQGZfCMzxzEBYHQr/LHJp3tcndzQ=="
  "resolved" "https://r2.cnpmjs.org/fresh/-/fresh-0.1.0.tgz"
  "version" "0.1.0"

"graceful-readlink@>= 1.0.0":
  "integrity" "sha512-8tLu60LgxF6XpdbK8OW3FA+IfTNBn1ZHGHKF4KQbEeSkajYw5PlYJcKluntgegDPTg8UkHjpet1T82vk6TQ68w=="
  "resolved" "https://r2.cnpmjs.org/graceful-readlink/-/graceful-readlink-1.0.1.tgz"
  "version" "1.0.1"

"is-buffer@^1.1.5":
  "integrity" "sha512-NcdALwpXkTm5Zvvbk7owOUSvVvBKDgKP5/ewfXEznmQFfs4ZRmanOeKBTjRVjka3QFoN6XJ+9F3USqfHqTaU5w=="
  "resolved" "https://r2.cnpmjs.org/is-buffer/-/is-buffer-1.1.6.tgz"
  "version" "1.1.6"

"is-promise@^2.0.0":
  "integrity" "sha512-+lP4/6lKUBfQjZ2pdxThZvLUAafmZb8OAxFb8XXtiQmS35INgr85hdOGoEs124ez1FCnZJt6jau/T+alh58QFQ=="
  "resolved" "https://r2.cnpmjs.org/is-promise/-/is-promise-2.2.2.tgz"
  "version" "2.2.2"

"is-promise@~1":
  "integrity" "sha512-mjWH5XxnhMA8cFnDchr6qRP9S/kLntKuEfIYku+PaN1CnS8v+OG9O/BKpRCVRJvpIkgAZm0Pf5Is3iSSOILlcg=="
  "resolved" "https://r2.cnpmjs.org/is-promise/-/is-promise-1.0.1.tgz"
  "version" "1.0.1"

"jade@*":
  "integrity" "sha512-J76sbGKeLtu7uwW97Ntzb1UvGnpKTDplYa9ROr2gNRhM+SxvlBSG0Ees3TQ8+7ya2UVkzMEeFxhRhEpN68s7Tg=="
  "resolved" "https://r2.cnpmjs.org/jade/-/jade-1.11.0.tgz"
  "version" "1.11.0"
  dependencies:
    "character-parser" "1.2.1"
    "clean-css" "^3.1.9"
    "commander" "~2.6.0"
    "constantinople" "~3.0.1"
    "jstransformer" "0.0.2"
    "mkdirp" "~0.5.0"
    "transformers" "2.1.0"
    "uglify-js" "^2.4.19"
    "void-elements" "~2.0.1"
    "with" "~4.0.0"

"jstransformer@0.0.2":
  "integrity" "sha512-b7tmf91j1ChMuYhwbPBnNgB62dmHuqiHpOdd6QLKzde8HydZqm+ud3qWreGWecSxPBFFNOf1Ozjx0xo2plFdHA=="
  "resolved" "https://r2.cnpmjs.org/jstransformer/-/jstransformer-0.0.2.tgz"
  "version" "0.0.2"
  dependencies:
    "is-promise" "^2.0.0"
    "promise" "^6.0.1"

"kind-of@^3.0.2":
  "integrity" "sha512-NOW9QQXMoZGg/oqnVNoNTTIFEIid1627WCffUBJEdMxYApq7mNE7CpzucIPc+ZQg25Phej7IJSmX3hO+oblOtQ=="
  "resolved" "https://r2.cnpmjs.org/kind-of/-/kind-of-3.2.2.tgz"
  "version" "3.2.2"
  dependencies:
    "is-buffer" "^1.1.5"

"lazy-cache@^1.0.3":
  "integrity" "sha512-RE2g0b5VGZsOCFOCgP7omTRYFqydmZkBwl5oNnQ1lDYC57uyO9KqNnNVxT7COSHTxrRCWVcAVOcbjk+tvh/rgQ=="
  "resolved" "https://r2.cnpmjs.org/lazy-cache/-/lazy-cache-1.0.4.tgz"
  "version" "1.0.4"

"longest@^1.0.1":
  "integrity" "sha512-k+yt5n3l48JU4k8ftnKG6V7u32wyH2NfKzeMto9F/QRE0amxy/LayxwlvjjkZEIzqR+19IrtFO8p5kB9QaYUFg=="
  "resolved" "https://r2.cnpmjs.org/longest/-/longest-1.0.1.tgz"
  "version" "1.0.1"

"methods@0.0.1":
  "integrity" "sha512-pB8oFfci/xcfUgM6DTxc7lbTKifPPgs3mZUOsEgaH+1TTWpmcmv3sHl+5sUHIj2X2W8aPYa2+nJealRHK+Lo6A=="
  "resolved" "https://r2.cnpmjs.org/methods/-/methods-0.0.1.tgz"
  "version" "0.0.1"

"mime@~1.2.9":
  "integrity" "sha512-Ysa2F/nqTNGHhhm9MV8ure4+Hc+Y8AWiqUdHxsO7xu8zc92ND9f3kpALHjaP026Ft17UfxrMt95c50PLUeynBw=="
  "resolved" "https://r2.cnpmjs.org/mime/-/mime-1.2.11.tgz"
  "version" "1.2.11"

"minimist@^1.2.6":
  "integrity" "sha512-Jsjnk4bw3YJqYzbdyBiNsPWHPfO++UGG749Cxs6peCu5Xg4nrena6OVxOYxrQTqww0Jmwt+Ref8rggumkTLz9Q=="
  "resolved" "https://r.cnpmjs.org/minimist/-/minimist-1.2.6.tgz"
  "version" "1.2.6"

"mkdirp@~0.5.0":
  "integrity" "sha512-FP+p8RB8OWpF3YZBCrP5gtADmtXApB5AMLn+vdyA+PyxCjrCs00mjyUozssO33cwDeT3wNGdLxJ5M//YqtHAJw=="
  "resolved" "https://r.cnpmjs.org/mkdirp/-/mkdirp-0.5.6.tgz"
  "version" "0.5.6"
  dependencies:
    "minimist" "^1.2.6"

"mkdirp@0.3.4":
  "integrity" "sha512-sZObLj65ImOahHTaycVJF559muyAvv1hYyBQSfVfZq9ajpgY9Da+cRQzbXDfsKJTwUMUABRjBMDHieYqbHKx0g=="
  "resolved" "https://r2.cnpmjs.org/mkdirp/-/mkdirp-0.3.4.tgz"
  "version" "0.3.4"

"ms@2.1.2":
  "integrity" "sha512-sGkPx+VjMtmA6MX27oA4FBFELFCZZ4S4XqeGOXCv68tT+jb3vk/RyaKWP0PTKyWtmLSM0b+adUTEvbs1PEaH2w=="
  "resolved" "https://r2.cnpmjs.org/ms/-/ms-2.1.2.tgz"
  "version" "2.1.2"

"optimist@~0.3.5":
  "integrity" "sha512-TCx0dXQzVtSCg2OgY/bO9hjM9cV4XYx09TVK+s3+FhkjT6LovsLe+pPMzpWf+6yXK/hUizs2gUoTw3jHM0VaTQ=="
  "resolved" "https://r2.cnpmjs.org/optimist/-/optimist-0.3.7.tgz"
  "version" "0.3.7"
  dependencies:
    "wordwrap" "~0.0.2"

"pause@0.0.1":
  "integrity" "sha512-KG8UEiEVkR3wGEb4m5yZkVCzigAD+cVEJck2CzYZO37ZGJfctvVptVO192MwrtPhzONn6go8ylnOdMhKqi4nfg=="
  "resolved" "https://r2.cnpmjs.org/pause/-/pause-0.0.1.tgz"
  "version" "0.0.1"

"promise@^6.0.1":
  "integrity" "sha512-O+uwGKreKNKkshzZv2P7N64lk6EP17iXBn0PbUnNQhk+Q0AHLstiTrjkx3v5YBd3cxUe7Sq6KyRhl/A0xUjk7Q=="
  "resolved" "https://r.cnpmjs.org/promise/-/promise-6.1.0.tgz"
  "version" "6.1.0"
  dependencies:
    "asap" "~1.0.0"

"promise@~2.0":
  "integrity" "sha512-OgMc+sxI3zWF8D5BJGtA0z7/IsrDy1/0cPaDv6HPpqa2fSTo7AdON5U10NbZCUeF+zCAj3PtfPE50Hf02386aA=="
  "resolved" "https://r.cnpmjs.org/promise/-/promise-2.0.0.tgz"
  "version" "2.0.0"
  dependencies:
    "is-promise" "~1"

"qs@0.6.5":
  "integrity" "sha512-n7wA/f30O3SsOw2BVkGUDzjWMw7kXvQJWKtDdgfq5HJvDoad+Jbc6osN1AQ0Iain5plo9e7Cs5fE+xR+DVkPTw=="
  "resolved" "https://r2.cnpmjs.org/qs/-/qs-0.6.5.tgz"
  "version" "0.6.5"

"range-parser@0.0.4":
  "integrity" "sha512-okJVEq9DbZyg+5lD8pr6ooQmeA0uu8DYIyAU7VK1WUUK7hctI1yw2ZHhKiKjB6RXaDrYRmTR4SsIHkyiQpaLMA=="
  "resolved" "https://r2.cnpmjs.org/range-parser/-/range-parser-0.0.4.tgz"
  "version" "0.0.4"

"repeat-string@^1.5.2":
  "integrity" "sha512-PV0dzCYDNfRi1jCDbJzpW7jNNDRuCOG/jI5ctQcGKt/clZD+YcPS3yIlWuTJMmESC8aevCFmWJy5wjAFgNqN6w=="
  "resolved" "https://r2.cnpmjs.org/repeat-string/-/repeat-string-1.6.1.tgz"
  "version" "1.6.1"

"right-align@^0.1.1":
  "integrity" "sha512-yqINtL/G7vs2v+dFIZmFUDbnVyFUJFKd6gK22Kgo6R4jfJGFtisKyncWDDULgjfqf4ASQuIQyjJ7XZ+3aWpsAg=="
  "resolved" "https://r2.cnpmjs.org/right-align/-/right-align-0.1.3.tgz"
  "version" "0.1.3"
  dependencies:
    "align-text" "^0.1.1"

"send@0.1.1":
  "integrity" "sha512-u4xNGU4XrE/d+e65Py/Qek4DVjYOICk8kAXSjEMZE89VO69FofFmo1PXHk/I/4pf58xteafBAa/Fi1+zZVZkGA=="
  "resolved" "https://r2.cnpmjs.org/send/-/send-0.1.1.tgz"
  "version" "0.1.1"
  dependencies:
    "debug" "*"
    "fresh" "0.1.0"
    "mime" "~1.2.9"
    "range-parser" "0.0.4"

"source-map@~0.1.7":
  "integrity" "sha512-VtCvB9SIQhk3aF6h+N85EaqIaBFIAfZ9Cu+NJHHVvc8BbEcnvDcFw6sqQ2dQrT6SlOrZq3tIvyD9+EGq/lJryQ=="
  "resolved" "https://r2.cnpmjs.org/source-map/-/source-map-0.1.43.tgz"
  "version" "0.1.43"
  dependencies:
    "amdefine" ">=0.0.4"

"source-map@~0.5.1":
  "integrity" "sha512-LbrmJOMUSdEVxIKvdcJzQC+nQhe8FUZQTXQy6+I75skNgn3OoQ0DZA8YnFa7gp8tqtL3KPf1kmo0R5DoApeSGQ=="
  "resolved" "https://r2.cnpmjs.org/source-map/-/source-map-0.5.7.tgz"
  "version" "0.5.7"

"source-map@0.4.x":
  "integrity" "sha512-Y8nIfcb1s/7DcobUz1yOO1GSp7gyL+D9zLHDehT7iRESqGSxjJ448Sg7rvfgsRJCnKLdSl11uGf0s9X80cH0/A=="
  "resolved" "https://r2.cnpmjs.org/source-map/-/source-map-0.4.4.tgz"
  "version" "0.4.4"
  dependencies:
    "amdefine" ">=0.0.4"

"transformers@2.1.0":
  "integrity" "sha512-zJf5m2EIOngmBbDe2fhTPpCjzM2qkZVqrFJZc2jaln+KBeEaYKhS2QMOIkfVrNUyoOwqgbTwOHATzr3jZRQDyg=="
  "resolved" "https://r2.cnpmjs.org/transformers/-/transformers-2.1.0.tgz"
  "version" "2.1.0"
  dependencies:
    "css" "~1.0.8"
    "promise" "~2.0"
    "uglify-js" "~2.2.5"

"uglify-js@^2.4.19":
  "integrity" "sha512-qLq/4y2pjcU3vhlhseXGGJ7VbFO4pBANu0kwl8VCa9KEI0V8VfZIx2Fy3w01iSTA/pGwKZSmu/+I4etLNDdt5w=="
  "resolved" "https://r2.cnpmjs.org/uglify-js/-/uglify-js-2.8.29.tgz"
  "version" "2.8.29"
  dependencies:
    "source-map" "~0.5.1"
    "yargs" "~3.10.0"
  optionalDependencies:
    "uglify-to-browserify" "~1.0.0"

"uglify-js@~2.2.5":
  "integrity" "sha512-viLk+/8G0zm2aKt1JJAVcz5J/5ytdiNaIsKgrre3yvSUjwVG6ZUujGH7E2TiPigZUwLYCe7eaIUEP2Zka2VJPA=="
  "resolved" "https://r2.cnpmjs.org/uglify-js/-/uglify-js-2.2.5.tgz"
  "version" "2.2.5"
  dependencies:
    "optimist" "~0.3.5"
    "source-map" "~0.1.7"

"uglify-to-browserify@~1.0.0":
  "integrity" "sha512-vb2s1lYx2xBtUgy+ta+b2J/GLVUR+wmpINwHePmPRhOsIVCG2wDzKJ0n14GslH1BifsqVzSOwQhRaCAsZ/nI4Q=="
  "resolved" "https://r2.cnpmjs.org/uglify-to-browserify/-/uglify-to-browserify-1.0.2.tgz"
  "version" "1.0.2"

"uid2@0.0.2":
  "integrity" "sha512-FjCp6IusuzzbZG8y0MDDsXcPwYuDAD6jK/0uzxwTFZy2/WaJEFCpQevYE9DPJsJQLMZSxX5x4HY3W7uTKhhI6Q=="
  "resolved" "https://r2.cnpmjs.org/uid2/-/uid2-0.0.2.tgz"
  "version" "0.0.2"

"void-elements@~2.0.1":
  "integrity" "sha512-qZKX4RnBzH2ugr8Lxa7x+0V6XD9Sb/ouARtiasEQCHB1EVU4NXtmHsDDrx1dO4ne5fc3J6EW05BP1Dl0z0iung=="
  "resolved" "https://r2.cnpmjs.org/void-elements/-/void-elements-2.0.1.tgz"
  "version" "2.0.1"

"window-size@0.1.0":
  "integrity" "sha512-1pTPQDKTdd61ozlKGNCjhNRd+KPmgLSGa3mZTHoOliaGcESD8G1PXhh7c1fgiPjVbNVfgy2Faw4BI8/m0cC8Mg=="
  "resolved" "https://r2.cnpmjs.org/window-size/-/window-size-0.1.0.tgz"
  "version" "0.1.0"

"with@~4.0.0":
  "integrity" "sha512-mJZFpyEc1JTAdxhi/vhVeAM2S7vsltEKDiexDDo1HuAzlYKhcVUU6cwY8cHrFYdt82ZNkfKCeyhA3IYFegI0Kg=="
  "resolved" "https://r2.cnpmjs.org/with/-/with-4.0.3.tgz"
  "version" "4.0.3"
  dependencies:
    "acorn" "^1.0.1"
    "acorn-globals" "^1.0.3"

"wordwrap@~0.0.2":
  "integrity" "sha512-1tMA907+V4QmxV7dbRvb4/8MaRALK6q9Abid3ndMYnbyo8piisCmeONVqVSXqQA3KaP4SLt5b7ud6E2sqP8TFw=="
  "resolved" "https://r2.cnpmjs.org/wordwrap/-/wordwrap-0.0.3.tgz"
  "version" "0.0.3"

"wordwrap@0.0.2":
  "integrity" "sha512-xSBsCeh+g+dinoBv3GAOWM4LcVVO68wLXRanibtBSdUvkGWQRGeE9P7IwU9EmDDi4jA6L44lz15CGMwdw9N5+Q=="
  "resolved" "https://r2.cnpmjs.org/wordwrap/-/wordwrap-0.0.2.tgz"
  "version" "0.0.2"

"yargs@~3.10.0":
  "integrity" "sha512-QFzUah88GAGy9lyDKGBqZdkYApt63rCXYBGYnEP4xDJPXNqXXnBDACnbrXnViV6jRSqAePwrATi2i8mfYm4L1A=="
  "resolved" "https://r2.cnpmjs.org/yargs/-/yargs-3.10.0.tgz"
  "version" "3.10.0"
  dependencies:
    "camelcase" "^1.0.2"
    "cliui" "^2.1.0"
    "decamelize" "^1.0.0"
    "window-size" "0.1.0"
